# THIS IS AN AUTOGENERATED FILE. DO NOT EDIT THIS FILE DIRECTLY.
# yarn lockfile v1


"@biomejs/biome@2.1.2":
  version "2.1.2"
  resolved "https://registry.yarnpkg.com/@biomejs/biome/-/biome-2.1.2.tgz#aaec9cf06f21c42ff536e4b58d432a44d3bc59ec"
  integrity sha512-yq8ZZuKuBVDgAS76LWCfFKHSYIAgqkxVB3mGVVpOe2vSkUTs7xG46zXZeNPRNVjiJuw0SZ3+J2rXiYx0RUpfGg==
  optionalDependencies:
    "@biomejs/cli-darwin-arm64" "2.1.2"
    "@biomejs/cli-darwin-x64" "2.1.2"
    "@biomejs/cli-linux-arm64" "2.1.2"
    "@biomejs/cli-linux-arm64-musl" "2.1.2"
    "@biomejs/cli-linux-x64" "2.1.2"
    "@biomejs/cli-linux-x64-musl" "2.1.2"
    "@biomejs/cli-win32-arm64" "2.1.2"
    "@biomejs/cli-win32-x64" "2.1.2"

"@biomejs/cli-darwin-arm64@2.1.2":
  version "2.1.2"
  resolved "https://registry.yarnpkg.com/@biomejs/cli-darwin-arm64/-/cli-darwin-arm64-2.1.2.tgz#bcb0466321d386dd6055c95cbd333ee9c5294ad1"
  integrity sha512-leFAks64PEIjc7MY/cLjE8u5OcfBKkcDB0szxsWUB4aDfemBep1WVKt0qrEyqZBOW8LPHzrFMyDl3FhuuA0E7g==

"@biomejs/cli-darwin-x64@2.1.2":
  version "2.1.2"
  resolved "https://registry.yarnpkg.com/@biomejs/cli-darwin-x64/-/cli-darwin-x64-2.1.2.tgz#983dbe3d671add0ed781afc46cc7fb28cefebc94"
  integrity sha512-Nmmv7wRX5Nj7lGmz0FjnWdflJg4zii8Ivruas6PBKzw5SJX/q+Zh2RfnO+bBnuKLXpj8kiI2x2X12otpH6a32A==

"@biomejs/cli-linux-arm64-musl@2.1.2":
  version "2.1.2"
  resolved "https://registry.yarnpkg.com/@biomejs/cli-linux-arm64-musl/-/cli-linux-arm64-musl-2.1.2.tgz#7f7d8d2081afbdddd5de4d0e664ba2e7f6b294e5"
  integrity sha512-qgHvafhjH7Oca114FdOScmIKf1DlXT1LqbOrrbR30kQDLFPEOpBG0uzx6MhmsrmhGiCFCr2obDamu+czk+X0HQ==

"@biomejs/cli-linux-arm64@2.1.2":
  version "2.1.2"
  resolved "https://registry.yarnpkg.com/@biomejs/cli-linux-arm64/-/cli-linux-arm64-2.1.2.tgz#80d7ae9cd2513ffb3bf9a7ce1783e31746f2a8aa"
  integrity sha512-NWNy2Diocav61HZiv2enTQykbPP/KrA/baS7JsLSojC7Xxh2nl9IczuvE5UID7+ksRy2e7yH7klm/WkA72G1dw==

"@biomejs/cli-linux-x64-musl@2.1.2":
  version "2.1.2"
  resolved "https://registry.yarnpkg.com/@biomejs/cli-linux-x64-musl/-/cli-linux-x64-musl-2.1.2.tgz#0892d8aac4ce001275db514239c8779556992fea"
  integrity sha512-xlB3mU14ZUa3wzLtXfmk2IMOGL+S0aHFhSix/nssWS/2XlD27q+S6f0dlQ8WOCbYoXcuz8BCM7rCn2lxdTrlQA==

"@biomejs/cli-linux-x64@2.1.2":
  version "2.1.2"
  resolved "https://registry.yarnpkg.com/@biomejs/cli-linux-x64/-/cli-linux-x64-2.1.2.tgz#f9963b54366f75cbc724021a307a20a599d25bf3"
  integrity sha512-Km/UYeVowygTjpX6sGBzlizjakLoMQkxWbruVZSNE6osuSI63i4uCeIL+6q2AJlD3dxoiBJX70dn1enjQnQqwA==

"@biomejs/cli-win32-arm64@2.1.2":
  version "2.1.2"
  resolved "https://registry.yarnpkg.com/@biomejs/cli-win32-arm64/-/cli-win32-arm64-2.1.2.tgz#cf5ac637bcd0816ead78c2d54b9379d3f0428f15"
  integrity sha512-G8KWZli5ASOXA3yUQgx+M4pZRv3ND16h77UsdunUL17uYpcL/UC7RkWTdkfvMQvogVsAuz5JUcBDjgZHXxlKoA==

"@biomejs/cli-win32-x64@2.1.2":
  version "2.1.2"
  resolved "https://registry.yarnpkg.com/@biomejs/cli-win32-x64/-/cli-win32-x64-2.1.2.tgz#dc987c1c40168e7d442a6742edc13b3057d5445d"
  integrity sha512-9zajnk59PMpjBkty3bK2IrjUsUHvqe9HWwyAWQBjGLE7MIBjbX2vwv1XPEhmO2RRuGoTkVx3WCanHrjAytICLA==
